
Microsoft Visual Studio Solution File, Format Version 12.00
# Visual Studio Version 16
VisualStudioVersion = 16.0.31205.134
MinimumVisualStudioVersion = 10.0.40219.1
Project("{FAE04EC0-301F-11D3-BF4B-00C04F79EFBC}") = "StringsConsoleApp", "StringsConsoleApp.csproj", "{C03F2DE1-A938-48A4-B0F9-70831FF6C9CF}"
EndProject
Project("{FAE04EC0-301F-11D3-BF4B-00C04F79EFBC}") = "StringsConsoleApp.Tests", "..\StringsConsoleApp.Tests\StringsConsoleApp.Tests.csproj", "{26A5F3E3-307C-49EB-BF14-4F649BCE50BE}"
EndProject
Global
	GlobalSection(SolutionConfigurationPlatforms) = preSolution
		Debug|Any CPU = Debug|Any CPU
		Release|Any CPU = Release|Any CPU
	EndGlobalSection
	GlobalSection(ProjectConfigurationPlatforms) = postSolution
		{C03F2DE1-A938-48A4-B0F9-70831FF6C9CF}.Debug|Any CPU.ActiveCfg = Debug|Any CPU
		{C03F2DE1-A938-48A4-B0F9-70831FF6C9CF}.Debug|Any CPU.Build.0 = Debug|Any CPU
		{C03F2DE1-A938-48A4-B0F9-70831FF6C9CF}.Release|Any CPU.ActiveCfg = Release|Any CPU
		{C03F2DE1-A938-48A4-B0F9-70831FF6C9CF}.Release|Any CPU.Build.0 = Release|Any CPU
		{26A5F3E3-307C-49EB-BF14-4F649BCE50BE}.Debug|Any CPU.ActiveCfg = Debug|Any CPU
		{26A5F3E3-307C-49EB-BF14-4F649BCE50BE}.Debug|Any CPU.Build.0 = Debug|Any CPU
		{26A5F3E3-307C-49EB-BF14-4F649BCE50BE}.Release|Any CPU.ActiveCfg = Release|Any CPU
		{26A5F3E3-307C-49EB-BF14-4F649BCE50BE}.Release|Any CPU.Build.0 = Release|Any CPU
	EndGlobalSection
	GlobalSection(SolutionProperties) = preSolution
		HideSolutionNode = FALSE
	EndGlobalSection
	GlobalSection(ExtensibilityGlobals) = postSolution
		SolutionGuid = {26FC5B69-30EB-463A-A059-EC4F4634252B}
	EndGlobalSection
EndGlobal
