
Microsoft Visual Studio Solution File, Format Version 12.00
# Visual Studio Version 16
VisualStudioVersion = 16.0.31205.134
MinimumVisualStudioVersion = 10.0.40219.1
Project("{FAE04EC0-301F-11D3-BF4B-00C04F79EFBC}") = "LibrariesTestApp", "LibrariesTestApp.csproj", "{6FA1B3DD-AFE3-44E5-8CC5-F2007EE0E39B}"
EndProject
Project("{FAE04EC0-301F-11D3-BF4B-00C04F79EFBC}") = "ArrayHelper", "..\ArrayHelper\ArrayHelper.csproj", "{85FCBD84-9240-462A-A5C0-910246172389}"
EndProject
Project("{FAE04EC0-301F-11D3-BF4B-00C04F79EFBC}") = "RectangleHelper", "..\RectangleHelper\RectangleHelper.csproj", "{7DE0DE86-B1D9-485E-BF00-9B8D8E832FFF}"
EndProject
Global
	GlobalSection(SolutionConfigurationPlatforms) = preSolution
		Debug|Any CPU = Debug|Any CPU
		Release|Any CPU = Release|Any CPU
	EndGlobalSection
	GlobalSection(ProjectConfigurationPlatforms) = postSolution
		{6FA1B3DD-AFE3-44E5-8CC5-F2007EE0E39B}.Debug|Any CPU.ActiveCfg = Debug|Any CPU
		{6FA1B3DD-AFE3-44E5-8CC5-F2007EE0E39B}.Debug|Any CPU.Build.0 = Debug|Any CPU
		{6FA1B3DD-AFE3-44E5-8CC5-F2007EE0E39B}.Release|Any CPU.ActiveCfg = Release|Any CPU
		{6FA1B3DD-AFE3-44E5-8CC5-F2007EE0E39B}.Release|Any CPU.Build.0 = Release|Any CPU
		{85FCBD84-9240-462A-A5C0-910246172389}.Debug|Any CPU.ActiveCfg = Debug|Any CPU
		{85FCBD84-9240-462A-A5C0-910246172389}.Debug|Any CPU.Build.0 = Debug|Any CPU
		{85FCBD84-9240-462A-A5C0-910246172389}.Release|Any CPU.ActiveCfg = Release|Any CPU
		{85FCBD84-9240-462A-A5C0-910246172389}.Release|Any CPU.Build.0 = Release|Any CPU
		{7DE0DE86-B1D9-485E-BF00-9B8D8E832FFF}.Debug|Any CPU.ActiveCfg = Debug|Any CPU
		{7DE0DE86-B1D9-485E-BF00-9B8D8E832FFF}.Debug|Any CPU.Build.0 = Debug|Any CPU
		{7DE0DE86-B1D9-485E-BF00-9B8D8E832FFF}.Release|Any CPU.ActiveCfg = Release|Any CPU
		{7DE0DE86-B1D9-485E-BF00-9B8D8E832FFF}.Release|Any CPU.Build.0 = Release|Any CPU
	EndGlobalSection
	GlobalSection(SolutionProperties) = preSolution
		HideSolutionNode = FALSE
	EndGlobalSection
	GlobalSection(ExtensibilityGlobals) = postSolution
		SolutionGuid = {BFC4FB4A-DEA5-4B2E-A788-95ED1F6A7DBD}
	EndGlobalSection
EndGlobal
