
Microsoft Visual Studio Solution File, Format Version 12.00
# Visual Studio Version 16
VisualStudioVersion = 16.0.31205.134
MinimumVisualStudioVersion = 10.0.40219.1
Project("{FAE04EC0-301F-11D3-BF4B-00C04F79EFBC}") = "ShapeLibrary", "ShapeLibrary.csproj", "{4EB8AD4F-E0E3-4F3B-B5BD-E2A1ACC5CD8A}"
EndProject
Project("{FAE04EC0-301F-11D3-BF4B-00C04F79EFBC}") = "GameLibrary", "..\GameLibrary\GameLibrary.csproj", "{FCF0DB4A-5DD2-4D47-A77F-F4E383B8C5AB}"
EndProject
Global
	GlobalSection(SolutionConfigurationPlatforms) = preSolution
		Debug|Any CPU = Debug|Any CPU
		Release|Any CPU = Release|Any CPU
	EndGlobalSection
	GlobalSection(ProjectConfigurationPlatforms) = postSolution
		{4EB8AD4F-E0E3-4F3B-B5BD-E2A1ACC5CD8A}.Debug|Any CPU.ActiveCfg = Debug|Any CPU
		{4EB8AD4F-E0E3-4F3B-B5BD-E2A1ACC5CD8A}.Debug|Any CPU.Build.0 = Debug|Any CPU
		{4EB8AD4F-E0E3-4F3B-B5BD-E2A1ACC5CD8A}.Release|Any CPU.ActiveCfg = Release|Any CPU
		{4EB8AD4F-E0E3-4F3B-B5BD-E2A1ACC5CD8A}.Release|Any CPU.Build.0 = Release|Any CPU
		{FCF0DB4A-5DD2-4D47-A77F-F4E383B8C5AB}.Debug|Any CPU.ActiveCfg = Debug|Any CPU
		{FCF0DB4A-5DD2-4D47-A77F-F4E383B8C5AB}.Debug|Any CPU.Build.0 = Debug|Any CPU
		{FCF0DB4A-5DD2-4D47-A77F-F4E383B8C5AB}.Release|Any CPU.ActiveCfg = Release|Any CPU
		{FCF0DB4A-5DD2-4D47-A77F-F4E383B8C5AB}.Release|Any CPU.Build.0 = Release|Any CPU
	EndGlobalSection
	GlobalSection(SolutionProperties) = preSolution
		HideSolutionNode = FALSE
	EndGlobalSection
	GlobalSection(ExtensibilityGlobals) = postSolution
		SolutionGuid = {C357DB41-70B5-41B8-A0D9-DA6B1D597C41}
	EndGlobalSection
EndGlobal
