
Microsoft Visual Studio Solution File, Format Version 12.00
# Visual Studio Version 16
VisualStudioVersion = 16.0.31205.134
MinimumVisualStudioVersion = 10.0.40219.1
Project("{FAE04EC0-301F-11D3-BF4B-00C04F79EFBC}") = "ConverterApp", "ConverterApp.csproj", "{AB78A94A-FA5F-448F-BC10-04FB0D87CA0D}"
EndProject
Project("{FAE04EC0-301F-11D3-BF4B-00C04F79EFBC}") = "ConverterLibrary", "..\ConverterLibrary\ConverterLibrary.csproj", "{03ABBFF5-DCA9-4050-A517-94A523351A34}"
EndProject
Project("{FAE04EC0-301F-11D3-BF4B-00C04F79EFBC}") = "ConverterLibrary.Tests", "..\ConverterLibrary.Tests\ConverterLibrary.Tests.csproj", "{7ACF64E2-5874-435C-A336-74954CCA2163}"
EndProject
Global
	GlobalSection(SolutionConfigurationPlatforms) = preSolution
		Debug|Any CPU = Debug|Any CPU
		Release|Any CPU = Release|Any CPU
	EndGlobalSection
	GlobalSection(ProjectConfigurationPlatforms) = postSolution
		{AB78A94A-FA5F-448F-BC10-04FB0D87CA0D}.Debug|Any CPU.ActiveCfg = Debug|Any CPU
		{AB78A94A-FA5F-448F-BC10-04FB0D87CA0D}.Debug|Any CPU.Build.0 = Debug|Any CPU
		{AB78A94A-FA5F-448F-BC10-04FB0D87CA0D}.Release|Any CPU.ActiveCfg = Release|Any CPU
		{AB78A94A-FA5F-448F-BC10-04FB0D87CA0D}.Release|Any CPU.Build.0 = Release|Any CPU
		{03ABBFF5-DCA9-4050-A517-94A523351A34}.Debug|Any CPU.ActiveCfg = Debug|Any CPU
		{03ABBFF5-DCA9-4050-A517-94A523351A34}.Debug|Any CPU.Build.0 = Debug|Any CPU
		{03ABBFF5-DCA9-4050-A517-94A523351A34}.Release|Any CPU.ActiveCfg = Release|Any CPU
		{03ABBFF5-DCA9-4050-A517-94A523351A34}.Release|Any CPU.Build.0 = Release|Any CPU
		{7ACF64E2-5874-435C-A336-74954CCA2163}.Debug|Any CPU.ActiveCfg = Debug|Any CPU
		{7ACF64E2-5874-435C-A336-74954CCA2163}.Debug|Any CPU.Build.0 = Debug|Any CPU
		{7ACF64E2-5874-435C-A336-74954CCA2163}.Release|Any CPU.ActiveCfg = Release|Any CPU
		{7ACF64E2-5874-435C-A336-74954CCA2163}.Release|Any CPU.Build.0 = Release|Any CPU
	EndGlobalSection
	GlobalSection(SolutionProperties) = preSolution
		HideSolutionNode = FALSE
	EndGlobalSection
	GlobalSection(ExtensibilityGlobals) = postSolution
		SolutionGuid = {C2B2652B-822B-4267-8DD9-C422EC925AA0}
	EndGlobalSection
EndGlobal
